// !$*UTF8*$!
{
	archiveVersion = 1;
	classes = {
	};
	objectVersion = 55;
	objects = {

/* Begin PBXBuildFile section */
		3F8229562838FAC9008965FA /* HouseCell.swift in Sources */ = {isa = PBXBuildFile; fileRef = 3F8229542838FAC9008965FA /* HouseCell.swift */; };
		3F8229572838FAC9008965FA /* HouseCell.xib in Resources */ = {isa = PBXBuildFile; fileRef = 3F8229552838FAC9008965FA /* HouseCell.xib */; };
		3F82295D28392016008965FA /* HouseViewModel.swift in Sources */ = {isa = PBXBuildFile; fileRef = 3F82295C28392016008965FA /* HouseViewModel.swift */; };
		3FE88F352838DE1800F8D7C6 /* AppDelegate.swift in Sources */ = {isa = PBXBuildFile; fileRef = 3FE88F342838DE1800F8D7C6 /* AppDelegate.swift */; };
		3FE88F372838DE1800F8D7C6 /* SceneDelegate.swift in Sources */ = {isa = PBXBuildFile; fileRef = 3FE88F362838DE1800F8D7C6 /* SceneDelegate.swift */; };
		3FE88F392838DE1800F8D7C6 /* ViewController.swift in Sources */ = {isa = PBXBuildFile; fileRef = 3FE88F382838DE1800F8D7C6 /* ViewController.swift */; };
		3FE88F3C2838DE1800F8D7C6 /* Main.storyboard in Resources */ = {isa = PBXBuildFile; fileRef = 3FE88F3A2838DE1800F8D7C6 /* Main.storyboard */; };
		3FE88F3E2838DE1900F8D7C6 /* Assets.xcassets in Resources */ = {isa = PBXBuildFile; fileRef = 3FE88F3D2838DE1900F8D7C6 /* Assets.xcassets */; };
		3FE88F412838DE1900F8D7C6 /* LaunchScreen.storyboard in Resources */ = {isa = PBXBuildFile; fileRef = 3FE88F3F2838DE1900F8D7C6 /* LaunchScreen.storyboard */; };
		3FE88F492838E35700F8D7C6 /* HouseModel.swift in Sources */ = {isa = PBXBuildFile; fileRef = 3FE88F482838E35700F8D7C6 /* HouseModel.swift */; };
		3FE88F4B2838E83600F8D7C6 /* NetworkManager.swift in Sources */ = {isa = PBXBuildFile; fileRef = 3FE88F4A2838E83600F8D7C6 /* NetworkManager.swift */; };
/* End PBXBuildFile section */

/* Begin PBXFileReference section */
		3F8229542838FAC9008965FA /* HouseCell.swift */ = {isa = PBXFileReference; lastKnownFileType = sourcecode.swift; path = HouseCell.swift; sourceTree = "<group>"; };
		3F8229552838FAC9008965FA /* HouseCell.xib */ = {isa = PBXFileReference; lastKnownFileType = file.xib; path = HouseCell.xib; sourceTree = "<group>"; };
		3F82295C28392016008965FA /* HouseViewModel.swift */ = {isa = PBXFileReference; lastKnownFileType = sourcecode.swift; path = HouseViewModel.swift; sourceTree = "<group>"; };
		3FE88F312838DE1800F8D7C6 /* HarryPotter.app */ = {isa = PBXFileReference; explicitFileType = wrapper.application; includeInIndex = 0; path = HarryPotter.app; sourceTree = BUILT_PRODUCTS_DIR; };
		3FE88F342838DE1800F8D7C6 /* AppDelegate.swift */ = {isa = PBXFileReference; lastKnownFileType = sourcecode.swift; path = AppDelegate.swift; sourceTree = "<group>"; };
		3FE88F362838DE1800F8D7C6 /* SceneDelegate.swift */ = {isa = PBXFileReference; lastKnownFileType = sourcecode.swift; path = SceneDelegate.swift; sourceTree = "<group>"; };
		3FE88F382838DE1800F8D7C6 /* ViewController.swift */ = {isa = PBXFileReference; lastKnownFileType = sourcecode.swift; path = ViewController.swift; sourceTree = "<group>"; };
		3FE88F3B2838DE1800F8D7C6 /* Base */ = {isa = PBXFileReference; lastKnownFileType = file.storyboard; name = Base; path = Base.lproj/Main.storyboard; sourceTree = "<group>"; };
		3FE88F3D2838DE1900F8D7C6 /* Assets.xcassets */ = {isa = PBXFileReference; lastKnownFileType = folder.assetcatalog; path = Assets.xcassets; sourceTree = "<group>"; };
		3FE88F402838DE1900F8D7C6 /* Base */ = {isa = PBXFileReference; lastKnownFileType = file.storyboard; name = Base; path = Base.lproj/LaunchScreen.storyboard; sourceTree = "<group>"; };
		3FE88F422838DE1900F8D7C6 /* Info.plist */ = {isa = PBXFileReference; lastKnownFileType = text.plist.xml; path = Info.plist; sourceTree = "<group>"; };
		3FE88F482838E35700F8D7C6 /* HouseModel.swift */ = {isa = PBXFileReference; lastKnownFileType = sourcecode.swift; path = HouseModel.swift; sourceTree = "<group>"; };
		3FE88F4A2838E83600F8D7C6 /* NetworkManager.swift */ = {isa = PBXFileReference; lastKnownFileType = sourcecode.swift; path = NetworkManager.swift; sourceTree = "<group>"; };
/* End PBXFileReference section */

/* Begin PBXFrameworksBuildPhase section */
		3FE88F2E2838DE1800F8D7C6 /* Frameworks */ = {
			isa = PBXFrameworksBuildPhase;
			buildActionMask = 2147483647;
			files = (
			);
			runOnlyForDeploymentPostprocessing = 0;
		};
/* End PBXFrameworksBuildPhase section */

/* Begin PBXGroup section */
		3F8229532838FAB7008965FA /* HouseCell */ = {
			isa = PBXGroup;
			children = (
				3F8229542838FAC9008965FA /* HouseCell.swift */,
				3F8229552838FAC9008965FA /* HouseCell.xib */,
			);
			path = HouseCell;
			sourceTree = "<group>";
		};
		3F82295A28391FB3008965FA /* Model */ = {
			isa = PBXGroup;
			children = (
				3FE88F482838E35700F8D7C6 /* HouseModel.swift */,
				3F82295C28392016008965FA /* HouseViewModel.swift */,
			);
			path = Model;
			sourceTree = "<group>";
		};
		3FE88F282838DE1800F8D7C6 = {
			isa = PBXGroup;
			children = (
				3FE88F332838DE1800F8D7C6 /* HarryPotter */,
				3FE88F322838DE1800F8D7C6 /* Products */,
			);
			sourceTree = "<group>";
		};
		3FE88F322838DE1800F8D7C6 /* Products */ = {
			isa = PBXGroup;
			children = (
				3FE88F312838DE1800F8D7C6 /* HarryPotter.app */,
			);
			name = Products;
			sourceTree = "<group>";
		};
		3FE88F332838DE1800F8D7C6 /* HarryPotter */ = {
			isa = PBXGroup;
			children = (
				3F82295A28391FB3008965FA /* Model */,
				3F8229532838FAB7008965FA /* HouseCell */,
				3FE88F342838DE1800F8D7C6 /* AppDelegate.swift */,
				3FE88F362838DE1800F8D7C6 /* SceneDelegate.swift */,
				3FE88F382838DE1800F8D7C6 /* ViewController.swift */,
				3FE88F3A2838DE1800F8D7C6 /* Main.storyboard */,
				3FE88F3D2838DE1900F8D7C6 /* Assets.xcassets */,
				3FE88F3F2838DE1900F8D7C6 /* LaunchScreen.storyboard */,
				3FE88F422838DE1900F8D7C6 /* Info.plist */,
				3FE88F4A2838E83600F8D7C6 /* NetworkManager.swift */,
			);
			path = HarryPotter;
			sourceTree = "<group>";
		};
/* End PBXGroup section */

/* Begin PBXNativeTarget section */
		3FE88F302838DE1800F8D7C6 /* HarryPotter */ = {
			isa = PBXNativeTarget;
			buildConfigurationList = 3FE88F452838DE1900F8D7C6 /* Build configuration list for PBXNativeTarget "HarryPotter" */;
			buildPhases = (
				3FE88F2D2838DE1800F8D7C6 /* Sources */,
				3FE88F2E2838DE1800F8D7C6 /* Frameworks */,
				3FE88F2F2838DE1800F8D7C6 /* Resources */,
			);
			buildRules = (
			);
			dependencies = (
			);
			name = HarryPotter;
			productName = HarryPotter;
			productReference = 3FE88F312838DE1800F8D7C6 /* HarryPotter.app */;
			productType = "com.apple.product-type.application";
		};
/* End PBXNativeTarget section */

/* Begin PBXProject section */
		3FE88F292838DE1800F8D7C6 /* Project object */ = {
			isa = PBXProject;
			attributes = {
				BuildIndependentTargetsInParallel = 1;
				LastSwiftUpdateCheck = 1340;
				LastUpgradeCheck = 1340;
				TargetAttributes = {
					3FE88F302838DE1800F8D7C6 = {
						CreatedOnToolsVersion = 13.4;
					};
				};
			};
			buildConfigurationList = 3FE88F2C2838DE1800F8D7C6 /* Build configuration list for PBXProject "HarryPotter" */;
			compatibilityVersion = "Xcode 13.0";
			developmentRegion = en;
			hasScannedForEncodings = 0;
			knownRegions = (
				en,
				Base,
			);
			mainGroup = 3FE88F282838DE1800F8D7C6;
			productRefGroup = 3FE88F322838DE1800F8D7C6 /* Products */;
			projectDirPath = "";
			projectRoot = "";
			targets = (
				3FE88F302838DE1800F8D7C6 /* HarryPotter */,
			);
		};
/* End PBXProject section */

/* Begin PBXResourcesBuildPhase section */
		3FE88F2F2838DE1800F8D7C6 /* Resources */ = {
			isa = PBXResourcesBuildPhase;
			buildActionMask = 2147483647;
			files = (
				3FE88F412838DE1900F8D7C6 /* LaunchScreen.storyboard in Resources */,
				3FE88F3E2838DE1900F8D7C6 /* Assets.xcassets in Resources */,
				3F8229572838FAC9008965FA /* HouseCell.xib in Resources */,
				3FE88F3C2838DE1800F8D7C6 /* Main.storyboard in Resources */,
			);
			runOnlyForDeploymentPostprocessing = 0;
		};
/* End PBXResourcesBuildPhase section */

/* Begin PBXSourcesBuildPhase section */
		3FE88F2D2838DE1800F8D7C6 /* Sources */ = {
			isa = PBXSourcesBuildPhase;
			buildActionMask = 2147483647;
			files = (
				3FE88F492838E35700F8D7C6 /* HouseModel.swift in Sources */,
				3FE88F392838DE1800F8D7C6 /* ViewController.swift in Sources */,
				3FE88F4B2838E83600F8D7C6 /* NetworkManager.swift in Sources */,
				3FE88F352838DE1800F8D7C6 /* AppDelegate.swift in Sources */,
				3F8229562838FAC9008965FA /* HouseCell.swift in Sources */,
				3FE88F372838DE1800F8D7C6 /* SceneDelegate.swift in Sources */,
				3F82295D28392016008965FA /* HouseViewModel.swift in Sources */,
			);
			runOnlyForDeploymentPostprocessing = 0;
		};
/* End PBXSourcesBuildPhase section */

/* Begin PBXVariantGroup section */
		3FE88F3A2838DE1800F8D7C6 /* Main.storyboard */ = {
			isa = PBXVariantGroup;
			children = (
				3FE88F3B2838DE1800F8D7C6 /* Base */,
			);
			name = Main.storyboard;
			sourceTree = "<group>";
		};
		3FE88F3F2838DE1900F8D7C6 /* LaunchScreen.storyboard */ = {
			isa = PBXVariantGroup;
			children = (
				3FE88F402838DE1900F8D7C6 /* Base */,
			);
			name = LaunchScreen.storyboard;
			sourceTree = "<group>";
		};
/* End PBXVariantGroup section */

/* Begin XCBuildConfiguration section */
		3FE88F432838DE1900F8D7C6 /* Debug */ = {
			isa = XCBuildConfiguration;
			buildSettings = {
				ALWAYS_SEARCH_USER_PATHS = NO;
				CLANG_ANALYZER_NONNULL = YES;
				CLANG_ANALYZER_NUMBER_OBJECT_CONVERSION = YES_AGGRESSIVE;
				CLANG_CXX_LANGUAGE_STANDARD = "gnu++17";
				CLANG_ENABLE_MODULES = YES;
				CLANG_ENABLE_OBJC_ARC = YES;
				CLANG_ENABLE_OBJC_WEAK = YES;
				CLANG_WARN_BLOCK_CAPTURE_AUTORELEASING = YES;
				CLANG_WARN_BOOL_CONVERSION = YES;
				CLANG_WARN_COMMA = YES;
				CLANG_WARN_CONSTANT_CONVERSION = YES;
				CLANG_WARN_DEPRECATED_OBJC_IMPLEMENTATIONS = YES;
				CLANG_WARN_DIRECT_OBJC_ISA_USAGE = YES_ERROR;
				CLANG_WARN_DOCUMENTATION_COMMENTS = YES;
				CLANG_WARN_EMPTY_BODY = YES;
				CLANG_WARN_ENUM_CONVERSION = YES;
				CLANG_WARN_INFINITE_RECURSION = YES;
				CLANG_WARN_INT_CONVERSION = YES;
				CLANG_WARN_NON_LITERAL_NULL_CONVERSION = YES;
				CLANG_WARN_OBJC_IMPLICIT_RETAIN_SELF = YES;
				CLANG_WARN_OBJC_LITERAL_CONVERSION = YES;
				CLANG_WARN_OBJC_ROOT_CLASS = YES_ERROR;
				CLANG_WARN_QUOTED_INCLUDE_IN_FRAMEWORK_HEADER = YES;
				CLANG_WARN_RANGE_LOOP_ANALYSIS = YES;
				CLANG_WARN_STRICT_PROTOTYPES = YES;
				CLANG_WARN_SUSPICIOUS_MOVE = YES;
				CLANG_WARN_UNGUARDED_AVAILABILITY = YES_AGGRESSIVE;
				CLANG_WARN_UNREACHABLE_CODE = YES;
				CLANG_WARN__DUPLICATE_METHOD_MATCH = YES;
				COPY_PHASE_STRIP = NO;
				DEBUG_INFORMATION_FORMAT = dwarf;
				ENABLE_STRICT_OBJC_MSGSEND = YES;
				ENABLE_TESTABILITY = YES;
				GCC_C_LANGUAGE_STANDARD = gnu11;
				GCC_DYNAMIC_NO_PIC = NO;
				GCC_NO_COMMON_BLOCKS = YES;
				GCC_OPTIMIZATION_LEVEL = 0;
				GCC_PREPROCESSOR_DEFINITIONS = (
					"DEBUG=1",
					"$(inherited)",
				);
				GCC_WARN_64_TO_32_BIT_CONVERSION = YES;
				GCC_WARN_ABOUT_RETURN_TYPE = YES_ERROR;
				GCC_WARN_UNDECLARED_SELECTOR = YES;
				GCC_WARN_UNINITIALIZED_AUTOS = YES_AGGRESSIVE;
				GCC_WARN_UNUSED_FUNCTION = YES;
				GCC_WARN_UNUSED_VARIABLE = YES;
				IPHONEOS_DEPLOYMENT_TARGET = 15.5;
				MTL_ENABLE_DEBUG_INFO = INCLUDE_SOURCE;
				MTL_FAST_MATH = YES;
				ONLY_ACTIVE_ARCH = YES;
				SDKROOT = iphoneos;
				SWIFT_ACTIVE_COMPILATION_CONDITIONS = DEBUG;
				SWIFT_OPTIMIZATION_LEVEL = "-Onone";
			};
			name = Debug;
		};
		3FE88F442838DE1900F8D7C6 /* Release */ = {
			isa = XCBuildConfiguration;
			buildSettings = {
				ALWAYS_SEARCH_USER_PATHS = NO;
				CLANG_ANALYZER_NONNULL = YES;
				CLANG_ANALYZER_NUMBER_OBJECT_CONVERSION = YES_AGGRESSIVE;
				CLANG_CXX_LANGUAGE_STANDARD = "gnu++17";
				CLANG_ENABLE_MODULES = YES;
				CLANG_ENABLE_OBJC_ARC = YES;
				CLANG_ENABLE_OBJC_WEAK = YES;
				CLANG_WARN_BLOCK_CAPTURE_AUTORELEASING = YES;
				CLANG_WARN_BOOL_CONVERSION = YES;
				CLANG_WARN_COMMA = YES;
				CLANG_WARN_CONSTANT_CONVERSION = YES;
				CLANG_WARN_DEPRECATED_OBJC_IMPLEMENTATIONS = YES;
				CLANG_WARN_DIRECT_OBJC_ISA_USAGE = YES_ERROR;
				CLANG_WARN_DOCUMENTATION_COMMENTS = YES;
				CLANG_WARN_EMPTY_BODY = YES;
				CLANG_WARN_ENUM_CONVERSION = YES;
				CLANG_WARN_INFINITE_RECURSION = YES;
				CLANG_WARN_INT_CONVERSION = YES;
				CLANG_WARN_NON_LITERAL_NULL_CONVERSION = YES;
				CLANG_WARN_OBJC_IMPLICIT_RETAIN_SELF = YES;
				CLANG_WARN_OBJC_LITERAL_CONVERSION = YES;
				CLANG_WARN_OBJC_ROOT_CLASS = YES_ERROR;
				CLANG_WARN_QUOTED_INCLUDE_IN_FRAMEWORK_HEADER = YES;
				CLANG_WARN_RANGE_LOOP_ANALYSIS = YES;
				CLANG_WARN_STRICT_PROTOTYPES = YES;
				CLANG_WARN_SUSPICIOUS_MOVE = YES;
				CLANG_WARN_UNGUARDED_AVAILABILITY = YES_AGGRESSIVE;
				CLANG_WARN_UNREACHABLE_CODE = YES;
				CLANG_WARN__DUPLICATE_METHOD_MATCH = YES;
				COPY_PHASE_STRIP = NO;
				DEBUG_INFORMATION_FORMAT = "dwarf-with-dsym";
				ENABLE_NS_ASSERTIONS = NO;
				ENABLE_STRICT_OBJC_MSGSEND = YES;
				GCC_C_LANGUAGE_STANDARD = gnu11;
				GCC_NO_COMMON_BLOCKS = YES;
				GCC_WARN_64_TO_32_BIT_CONVERSION = YES;
				GCC_WARN_ABOUT_RETURN_TYPE = YES_ERROR;
				GCC_WARN_UNDECLARED_SELECTOR = YES;
				GCC_WARN_UNINITIALIZED_AUTOS = YES_AGGRESSIVE;
				GCC_WARN_UNUSED_FUNCTION = YES;
				GCC_WARN_UNUSED_VARIABLE = YES;
				IPHONEOS_DEPLOYMENT_TARGET = 15.5;
				MTL_ENABLE_DEBUG_INFO = NO;
				MTL_FAST_MATH = YES;
				SDKROOT = iphoneos;
				SWIFT_COMPILATION_MODE = wholemodule;
				SWIFT_OPTIMIZATION_LEVEL = "-O";
				VALIDATE_PRODUCT = YES;
			};
			name = Release;
		};
		3FE88F462838DE1900F8D7C6 /* Debug */ = {
			isa = XCBuildConfiguration;
			buildSettings = {
				ASSETCATALOG_COMPILER_APPICON_NAME = AppIcon;
				ASSETCATALOG_COMPILER_GLOBAL_ACCENT_COLOR_NAME = AccentColor;
				CODE_SIGN_STYLE = Automatic;
				CURRENT_PROJECT_VERSION = 1;
				DEVELOPMENT_TEAM = P3688SMR2A;
				GENERATE_INFOPLIST_FILE = YES;
				INFOPLIST_FILE = HarryPotter/Info.plist;
				INFOPLIST_KEY_UIApplicationSupportsIndirectInputEvents = YES;
				INFOPLIST_KEY_UILaunchStoryboardName = LaunchScreen;
				INFOPLIST_KEY_UIMainStoryboardFile = Main;
				INFOPLIST_KEY_UISupportedInterfaceOrientations_iPad = "UIInterfaceOrientationPortrait UIInterfaceOrientationPortraitUpsideDown UIInterfaceOrientationLandscapeLeft UIInterfaceOrientationLandscapeRight";
				INFOPLIST_KEY_UISupportedInterfaceOrientations_iPhone = "UIInterfaceOrientationPortrait UIInterfaceOrientationLandscapeLeft UIInterfaceOrientationLandscapeRight";
				IPHONEOS_DEPLOYMENT_TARGET = 15.2;
				LD_RUNPATH_SEARCH_PATHS = (
					"$(inherited)",
					"@executable_path/Frameworks",
				);
				MARKETING_VERSION = 1.0;
				PRODUCT_BUNDLE_IDENTIFIER = com.zhanagul;
				PRODUCT_NAME = "$(TARGET_NAME)";
				SWIFT_EMIT_LOC_STRINGS = YES;
				SWIFT_VERSION = 5.0;
				TARGETED_DEVICE_FAMILY = "1,2";
			};
			name = Debug;
		};
		3FE88F472838DE1900F8D7C6 /* Release */ = {
			isa = XCBuildConfiguration;
			buildSettings = {
				ASSETCATALOG_COMPILER_APPICON_NAME = AppIcon;
				ASSETCATALOG_COMPILER_GLOBAL_ACCENT_COLOR_NAME = AccentColor;
				CODE_SIGN_STYLE = Automatic;
				CURRENT_PROJECT_VERSION = 1;
				DEVELOPMENT_TEAM = P3688SMR2A;
				GENERATE_INFOPLIST_FILE = YES;
				INFOPLIST_FILE = HarryPotter/Info.plist;
				INFOPLIST_KEY_UIApplicationSupportsIndirectInputEvents = YES;
				INFOPLIST_KEY_UILaunchStoryboardName = LaunchScreen;
				INFOPLIST_KEY_UIMainStoryboardFile = Main;
				INFOPLIST_KEY_UISupportedInterfaceOrientations_iPad = "UIInterfaceOrientationPortrait UIInterfaceOrientationPortraitUpsideDown UIInterfaceOrientationLandscapeLeft UIInterfaceOrientationLandscapeRight";
				INFOPLIST_KEY_UISupportedInterfaceOrientations_iPhone = "UIInterfaceOrientationPortrait UIInterfaceOrientationLandscapeLeft UIInterfaceOrientationLandscapeRight";
				IPHONEOS_DEPLOYMENT_TARGET = 15.2;
				LD_RUNPATH_SEARCH_PATHS = (
					"$(inherited)",
					"@executable_path/Frameworks",
				);
				MARKETING_VERSION = 1.0;
				PRODUCT_BUNDLE_IDENTIFIER = com.zhanagul;
				PRODUCT_NAME = "$(TARGET_NAME)";
				SWIFT_EMIT_LOC_STRINGS = YES;
				SWIFT_VERSION = 5.0;
				TARGETED_DEVICE_FAMILY = "1,2";
			};
			name = Release;
		};
/* End XCBuildConfiguration section */

/* Begin XCConfigurationList section */
		3FE88F2C2838DE1800F8D7C6 /* Build configuration list for PBXProject "HarryPotter" */ = {
			isa = XCConfigurationList;
			buildConfigurations = (
				3FE88F432838DE1900F8D7C6 /* Debug */,
				3FE88F442838DE1900F8D7C6 /* Release */,
			);
			defaultConfigurationIsVisible = 0;
			defaultConfigurationName = Release;
		};
		3FE88F452838DE1900F8D7C6 /* Build configuration list for PBXNativeTarget "HarryPotter" */ = {
			isa = XCConfigurationList;
			buildConfigurations = (
				3FE88F462838DE1900F8D7C6 /* Debug */,
				3FE88F472838DE1900F8D7C6 /* Release */,
			);
			defaultConfigurationIsVisible = 0;
			defaultConfigurationName = Release;
		};
/* End XCConfigurationList section */
	};
	rootObject = 3FE88F292838DE1800F8D7C6 /* Project object */;
}
